
Microsoft Visual Studio Solution File, Format Version 12.00
# Visual Studio Version 17
VisualStudioVersion = 17.7.34202.233
MinimumVisualStudioVersion = 10.0.40219.1
Project("{FAE04EC0-301F-11D3-BF4B-00C04F79EFBC}") = "MisereNim", "MisereNim\MisereNim.csproj", "{312E8827-0066-420B-B698-6CF10ABD1D0E}"
EndProject
Global
	GlobalSection(SolutionConfigurationPlatforms) = preSolution
		Debug|Any CPU = Debug|Any CPU
		Release|Any CPU = Release|Any CPU
	EndGlobalSection
	GlobalSection(ProjectConfigurationPlatforms) = postSolution
		{312E8827-0066-420B-B698-6CF10ABD1D0E}.Debug|Any CPU.ActiveCfg = Debug|Any CPU
		{312E8827-0066-420B-B698-6CF10ABD1D0E}.Debug|Any CPU.Build.0 = Debug|Any CPU
		{312E8827-0066-420B-B698-6CF10ABD1D0E}.Release|Any CPU.ActiveCfg = Release|Any CPU
		{312E8827-0066-420B-B698-6CF10ABD1D0E}.Release|Any CPU.Build.0 = Release|Any CPU
	EndGlobalSection
	GlobalSection(SolutionProperties) = preSolution
		HideSolutionNode = FALSE
	EndGlobalSection
	GlobalSection(ExtensibilityGlobals) = postSolution
		SolutionGuid = {A6A3E8A5-EB71-4BD0-983D-C34C617FD617}
	EndGlobalSection
EndGlobal
