
Microsoft Visual Studio Solution File, Format Version 12.00
# Visual Studio Version 17
VisualStudioVersion = 17.7.34221.43
MinimumVisualStudioVersion = 10.0.40219.1
Project("{FAE04EC0-301F-11D3-BF4B-00C04F79EFBC}") = "GamingArray1", "GamingArray1\GamingArray1.csproj", "{8A692854-A146-4358-9D43-959226A524FD}"
EndProject
Global
	GlobalSection(SolutionConfigurationPlatforms) = preSolution
		Debug|Any CPU = Debug|Any CPU
		Release|Any CPU = Release|Any CPU
	EndGlobalSection
	GlobalSection(ProjectConfigurationPlatforms) = postSolution
		{8A692854-A146-4358-9D43-959226A524FD}.Debug|Any CPU.ActiveCfg = Debug|Any CPU
		{8A692854-A146-4358-9D43-959226A524FD}.Debug|Any CPU.Build.0 = Debug|Any CPU
		{8A692854-A146-4358-9D43-959226A524FD}.Release|Any CPU.ActiveCfg = Release|Any CPU
		{8A692854-A146-4358-9D43-959226A524FD}.Release|Any CPU.Build.0 = Release|Any CPU
	EndGlobalSection
	GlobalSection(SolutionProperties) = preSolution
		HideSolutionNode = FALSE
	EndGlobalSection
	GlobalSection(ExtensibilityGlobals) = postSolution
		SolutionGuid = {7BE2298D-0CD3-4E9A-969E-F1761980883E}
	EndGlobalSection
EndGlobal
