
Microsoft Visual Studio Solution File, Format Version 12.00
# Visual Studio Version 17
VisualStudioVersion = 17.7.34202.233
MinimumVisualStudioVersion = 10.0.40219.1
Project("{FAE04EC0-301F-11D3-BF4B-00C04F79EFBC}") = "MockTest", "MockTest\MockTest.csproj", "{EFA8A069-A6B4-4FB8-B41F-C97519DB70C2}"
EndProject
Global
	GlobalSection(SolutionConfigurationPlatforms) = preSolution
		Debug|Any CPU = Debug|Any CPU
		Release|Any CPU = Release|Any CPU
	EndGlobalSection
	GlobalSection(ProjectConfigurationPlatforms) = postSolution
		{EFA8A069-A6B4-4FB8-B41F-C97519DB70C2}.Debug|Any CPU.ActiveCfg = Debug|Any CPU
		{EFA8A069-A6B4-4FB8-B41F-C97519DB70C2}.Debug|Any CPU.Build.0 = Debug|Any CPU
		{EFA8A069-A6B4-4FB8-B41F-C97519DB70C2}.Release|Any CPU.ActiveCfg = Release|Any CPU
		{EFA8A069-A6B4-4FB8-B41F-C97519DB70C2}.Release|Any CPU.Build.0 = Release|Any CPU
	EndGlobalSection
	GlobalSection(SolutionProperties) = preSolution
		HideSolutionNode = FALSE
	EndGlobalSection
	GlobalSection(ExtensibilityGlobals) = postSolution
		SolutionGuid = {76C6BB59-967E-4951-912B-C8FD393FC318}
	EndGlobalSection
EndGlobal
