
Microsoft Visual Studio Solution File, Format Version 12.00
# Visual Studio Version 17
VisualStudioVersion = 17.7.34202.233
MinimumVisualStudioVersion = 10.0.40219.1
Project("{FAE04EC0-301F-11D3-BF4B-00C04F79EFBC}") = "PrimeDates", "PrimeDates\PrimeDates.csproj", "{C208A03F-4851-4F0E-9FC1-6114AB6A5B64}"
EndProject
Global
	GlobalSection(SolutionConfigurationPlatforms) = preSolution
		Debug|Any CPU = Debug|Any CPU
		Release|Any CPU = Release|Any CPU
	EndGlobalSection
	GlobalSection(ProjectConfigurationPlatforms) = postSolution
		{C208A03F-4851-4F0E-9FC1-6114AB6A5B64}.Debug|Any CPU.ActiveCfg = Debug|Any CPU
		{C208A03F-4851-4F0E-9FC1-6114AB6A5B64}.Debug|Any CPU.Build.0 = Debug|Any CPU
		{C208A03F-4851-4F0E-9FC1-6114AB6A5B64}.Release|Any CPU.ActiveCfg = Release|Any CPU
		{C208A03F-4851-4F0E-9FC1-6114AB6A5B64}.Release|Any CPU.Build.0 = Release|Any CPU
	EndGlobalSection
	GlobalSection(SolutionProperties) = preSolution
		HideSolutionNode = FALSE
	EndGlobalSection
	GlobalSection(ExtensibilityGlobals) = postSolution
		SolutionGuid = {D1A22E9E-7242-427F-A24A-A777EE51703D}
	EndGlobalSection
EndGlobal
