
Microsoft Visual Studio Solution File, Format Version 12.00
# Visual Studio Version 17
VisualStudioVersion = 17.7.34202.233
MinimumVisualStudioVersion = 10.0.40219.1
Project("{FAE04EC0-301F-11D3-BF4B-00C04F79EFBC}") = "StrongPassword", "StrongPassword\StrongPassword.csproj", "{2698CB6D-C98B-4535-BFDA-AC811724D12A}"
EndProject
Global
	GlobalSection(SolutionConfigurationPlatforms) = preSolution
		Debug|Any CPU = Debug|Any CPU
		Release|Any CPU = Release|Any CPU
	EndGlobalSection
	GlobalSection(ProjectConfigurationPlatforms) = postSolution
		{2698CB6D-C98B-4535-BFDA-AC811724D12A}.Debug|Any CPU.ActiveCfg = Debug|Any CPU
		{2698CB6D-C98B-4535-BFDA-AC811724D12A}.Debug|Any CPU.Build.0 = Debug|Any CPU
		{2698CB6D-C98B-4535-BFDA-AC811724D12A}.Release|Any CPU.ActiveCfg = Release|Any CPU
		{2698CB6D-C98B-4535-BFDA-AC811724D12A}.Release|Any CPU.Build.0 = Release|Any CPU
	EndGlobalSection
	GlobalSection(SolutionProperties) = preSolution
		HideSolutionNode = FALSE
	EndGlobalSection
	GlobalSection(ExtensibilityGlobals) = postSolution
		SolutionGuid = {3FAF66A4-CEF3-48DA-BF8F-8320612452FE}
	EndGlobalSection
EndGlobal
