
Microsoft Visual Studio Solution File, Format Version 12.00
# Visual Studio Version 17
VisualStudioVersion = 17.3.32929.385
MinimumVisualStudioVersion = 10.0.40219.1
Project("{FAE04EC0-301F-11D3-BF4B-00C04F79EFBC}") = "CountingValleys", "CountingValleys\CountingValleys.csproj", "{787B046E-AB6E-46D4-8EDC-8A81E66C66A5}"
EndProject
Global
	GlobalSection(SolutionConfigurationPlatforms) = preSolution
		Debug|Any CPU = Debug|Any CPU
		Release|Any CPU = Release|Any CPU
	EndGlobalSection
	GlobalSection(ProjectConfigurationPlatforms) = postSolution
		{787B046E-AB6E-46D4-8EDC-8A81E66C66A5}.Debug|Any CPU.ActiveCfg = Debug|Any CPU
		{787B046E-AB6E-46D4-8EDC-8A81E66C66A5}.Debug|Any CPU.Build.0 = Debug|Any CPU
		{787B046E-AB6E-46D4-8EDC-8A81E66C66A5}.Release|Any CPU.ActiveCfg = Release|Any CPU
		{787B046E-AB6E-46D4-8EDC-8A81E66C66A5}.Release|Any CPU.Build.0 = Release|Any CPU
	EndGlobalSection
	GlobalSection(SolutionProperties) = preSolution
		HideSolutionNode = FALSE
	EndGlobalSection
	GlobalSection(ExtensibilityGlobals) = postSolution
		SolutionGuid = {3500A040-3102-4124-90A6-F63353209864}
	EndGlobalSection
EndGlobal
