
Microsoft Visual Studio Solution File, Format Version 12.00
# Visual Studio Version 17
VisualStudioVersion = 17.3.32929.385
MinimumVisualStudioVersion = 10.0.40219.1
Project("{FAE04EC0-301F-11D3-BF4B-00C04F79EFBC}") = "MockTest", "MockTest\MockTest.csproj", "{16E47ED7-E6A8-4CFF-B615-5E315CFCDE69}"
EndProject
Global
	GlobalSection(SolutionConfigurationPlatforms) = preSolution
		Debug|Any CPU = Debug|Any CPU
		Release|Any CPU = Release|Any CPU
	EndGlobalSection
	GlobalSection(ProjectConfigurationPlatforms) = postSolution
		{16E47ED7-E6A8-4CFF-B615-5E315CFCDE69}.Debug|Any CPU.ActiveCfg = Debug|Any CPU
		{16E47ED7-E6A8-4CFF-B615-5E315CFCDE69}.Debug|Any CPU.Build.0 = Debug|Any CPU
		{16E47ED7-E6A8-4CFF-B615-5E315CFCDE69}.Release|Any CPU.ActiveCfg = Release|Any CPU
		{16E47ED7-E6A8-4CFF-B615-5E315CFCDE69}.Release|Any CPU.Build.0 = Release|Any CPU
	EndGlobalSection
	GlobalSection(SolutionProperties) = preSolution
		HideSolutionNode = FALSE
	EndGlobalSection
	GlobalSection(ExtensibilityGlobals) = postSolution
		SolutionGuid = {18663CDA-0588-4C43-A3F4-84611DE57E78}
	EndGlobalSection
EndGlobal
