
Microsoft Visual Studio Solution File, Format Version 12.00
# Visual Studio Version 17
VisualStudioVersion = 17.3.32929.385
MinimumVisualStudioVersion = 10.0.40219.1
Project("{FAE04EC0-301F-11D3-BF4B-00C04F79EFBC}") = "PermutingTwoArrays", "PermutingTwoArrays\PermutingTwoArrays.csproj", "{58644DC8-F49A-4B4F-B0EB-37AE475C456F}"
EndProject
Global
	GlobalSection(SolutionConfigurationPlatforms) = preSolution
		Debug|Any CPU = Debug|Any CPU
		Release|Any CPU = Release|Any CPU
	EndGlobalSection
	GlobalSection(ProjectConfigurationPlatforms) = postSolution
		{58644DC8-F49A-4B4F-B0EB-37AE475C456F}.Debug|Any CPU.ActiveCfg = Debug|Any CPU
		{58644DC8-F49A-4B4F-B0EB-37AE475C456F}.Debug|Any CPU.Build.0 = Debug|Any CPU
		{58644DC8-F49A-4B4F-B0EB-37AE475C456F}.Release|Any CPU.ActiveCfg = Release|Any CPU
		{58644DC8-F49A-4B4F-B0EB-37AE475C456F}.Release|Any CPU.Build.0 = Release|Any CPU
	EndGlobalSection
	GlobalSection(SolutionProperties) = preSolution
		HideSolutionNode = FALSE
	EndGlobalSection
	GlobalSection(ExtensibilityGlobals) = postSolution
		SolutionGuid = {ABAB4FC6-072C-46DC-815D-7028FB6D53F4}
	EndGlobalSection
EndGlobal
