
Microsoft Visual Studio Solution File, Format Version 12.00
# Visual Studio Version 17
VisualStudioVersion = 17.7.34202.233
MinimumVisualStudioVersion = 10.0.40219.1
Project("{FAE04EC0-301F-11D3-BF4B-00C04F79EFBC}") = "CounterGame", "CounterGame\CounterGame.csproj", "{37C35917-2085-4525-82C7-7818A19D39D3}"
EndProject
Global
	GlobalSection(SolutionConfigurationPlatforms) = preSolution
		Debug|Any CPU = Debug|Any CPU
		Release|Any CPU = Release|Any CPU
	EndGlobalSection
	GlobalSection(ProjectConfigurationPlatforms) = postSolution
		{37C35917-2085-4525-82C7-7818A19D39D3}.Debug|Any CPU.ActiveCfg = Debug|Any CPU
		{37C35917-2085-4525-82C7-7818A19D39D3}.Debug|Any CPU.Build.0 = Debug|Any CPU
		{37C35917-2085-4525-82C7-7818A19D39D3}.Release|Any CPU.ActiveCfg = Release|Any CPU
		{37C35917-2085-4525-82C7-7818A19D39D3}.Release|Any CPU.Build.0 = Release|Any CPU
	EndGlobalSection
	GlobalSection(SolutionProperties) = preSolution
		HideSolutionNode = FALSE
	EndGlobalSection
	GlobalSection(ExtensibilityGlobals) = postSolution
		SolutionGuid = {E07436AA-6619-4FC8-A698-883F3DDA543B}
	EndGlobalSection
EndGlobal
