
Microsoft Visual Studio Solution File, Format Version 12.00
# Visual Studio Version 17
VisualStudioVersion = 17.3.32929.385
MinimumVisualStudioVersion = 10.0.40219.1
Project("{FAE04EC0-301F-11D3-BF4B-00C04F79EFBC}") = "FlippingBits", "FlippingBits\FlippingBits.csproj", "{C5109189-CBA9-496E-A4FB-97CFA781239E}"
EndProject
Global
	GlobalSection(SolutionConfigurationPlatforms) = preSolution
		Debug|Any CPU = Debug|Any CPU
		Release|Any CPU = Release|Any CPU
	EndGlobalSection
	GlobalSection(ProjectConfigurationPlatforms) = postSolution
		{C5109189-CBA9-496E-A4FB-97CFA781239E}.Debug|Any CPU.ActiveCfg = Debug|Any CPU
		{C5109189-CBA9-496E-A4FB-97CFA781239E}.Debug|Any CPU.Build.0 = Debug|Any CPU
		{C5109189-CBA9-496E-A4FB-97CFA781239E}.Release|Any CPU.ActiveCfg = Release|Any CPU
		{C5109189-CBA9-496E-A4FB-97CFA781239E}.Release|Any CPU.Build.0 = Release|Any CPU
	EndGlobalSection
	GlobalSection(SolutionProperties) = preSolution
		HideSolutionNode = FALSE
	EndGlobalSection
	GlobalSection(ExtensibilityGlobals) = postSolution
		SolutionGuid = {D0B5E6C8-9EC4-49FF-84BB-12A3F55F160E}
	EndGlobalSection
EndGlobal
