
Microsoft Visual Studio Solution File, Format Version 12.00
# Visual Studio Version 17
VisualStudioVersion = 17.3.32929.385
MinimumVisualStudioVersion = 10.0.40219.1
Project("{FAE04EC0-301F-11D3-BF4B-00C04F79EFBC}") = "MaximumPerimeterTriangle", "MaximumPerimeterTriangle\MaximumPerimeterTriangle.csproj", "{834B2EAA-0338-4FE8-8F72-05926A2BCA62}"
EndProject
Global
	GlobalSection(SolutionConfigurationPlatforms) = preSolution
		Debug|Any CPU = Debug|Any CPU
		Release|Any CPU = Release|Any CPU
	EndGlobalSection
	GlobalSection(ProjectConfigurationPlatforms) = postSolution
		{834B2EAA-0338-4FE8-8F72-05926A2BCA62}.Debug|Any CPU.ActiveCfg = Debug|Any CPU
		{834B2EAA-0338-4FE8-8F72-05926A2BCA62}.Debug|Any CPU.Build.0 = Debug|Any CPU
		{834B2EAA-0338-4FE8-8F72-05926A2BCA62}.Release|Any CPU.ActiveCfg = Release|Any CPU
		{834B2EAA-0338-4FE8-8F72-05926A2BCA62}.Release|Any CPU.Build.0 = Release|Any CPU
	EndGlobalSection
	GlobalSection(SolutionProperties) = preSolution
		HideSolutionNode = FALSE
	EndGlobalSection
	GlobalSection(ExtensibilityGlobals) = postSolution
		SolutionGuid = {C4B0D593-D1BD-4266-B8B7-F8E452D29375}
	EndGlobalSection
EndGlobal
