
Microsoft Visual Studio Solution File, Format Version 12.00
# Visual Studio Version 17
VisualStudioVersion = 17.7.34202.233
MinimumVisualStudioVersion = 10.0.40219.1
Project("{FAE04EC0-301F-11D3-BF4B-00C04F79EFBC}") = "MinimumAbsoluteDifferenceInAnArray", "MinimumAbsoluteDifferenceInAnArray\MinimumAbsoluteDifferenceInAnArray.csproj", "{2F31895F-7CBE-4744-A9FD-C2A04E14323E}"
EndProject
Global
	GlobalSection(SolutionConfigurationPlatforms) = preSolution
		Debug|Any CPU = Debug|Any CPU
		Release|Any CPU = Release|Any CPU
	EndGlobalSection
	GlobalSection(ProjectConfigurationPlatforms) = postSolution
		{2F31895F-7CBE-4744-A9FD-C2A04E14323E}.Debug|Any CPU.ActiveCfg = Debug|Any CPU
		{2F31895F-7CBE-4744-A9FD-C2A04E14323E}.Debug|Any CPU.Build.0 = Debug|Any CPU
		{2F31895F-7CBE-4744-A9FD-C2A04E14323E}.Release|Any CPU.ActiveCfg = Release|Any CPU
		{2F31895F-7CBE-4744-A9FD-C2A04E14323E}.Release|Any CPU.Build.0 = Release|Any CPU
	EndGlobalSection
	GlobalSection(SolutionProperties) = preSolution
		HideSolutionNode = FALSE
	EndGlobalSection
	GlobalSection(ExtensibilityGlobals) = postSolution
		SolutionGuid = {E45F38D7-0995-46A3-8D9D-5FE51BE32CAA}
	EndGlobalSection
EndGlobal
