
Microsoft Visual Studio Solution File, Format Version 12.00
# Visual Studio Version 17
VisualStudioVersion = 17.7.34202.233
MinimumVisualStudioVersion = 10.0.40219.1
Project("{FAE04EC0-301F-11D3-BF4B-00C04F79EFBC}") = "RecursiveDigitSum", "RecursiveDigitSum\RecursiveDigitSum.csproj", "{344FCC5E-F207-48AB-9AF5-C490B2B586A5}"
EndProject
Global
	GlobalSection(SolutionConfigurationPlatforms) = preSolution
		Debug|Any CPU = Debug|Any CPU
		Release|Any CPU = Release|Any CPU
	EndGlobalSection
	GlobalSection(ProjectConfigurationPlatforms) = postSolution
		{344FCC5E-F207-48AB-9AF5-C490B2B586A5}.Debug|Any CPU.ActiveCfg = Debug|Any CPU
		{344FCC5E-F207-48AB-9AF5-C490B2B586A5}.Debug|Any CPU.Build.0 = Debug|Any CPU
		{344FCC5E-F207-48AB-9AF5-C490B2B586A5}.Release|Any CPU.ActiveCfg = Release|Any CPU
		{344FCC5E-F207-48AB-9AF5-C490B2B586A5}.Release|Any CPU.Build.0 = Release|Any CPU
	EndGlobalSection
	GlobalSection(SolutionProperties) = preSolution
		HideSolutionNode = FALSE
	EndGlobalSection
	GlobalSection(ExtensibilityGlobals) = postSolution
		SolutionGuid = {ED0D973E-D459-46FE-9E3E-B343D5D7895B}
	EndGlobalSection
EndGlobal
