
Microsoft Visual Studio Solution File, Format Version 12.00
# Visual Studio Version 17
VisualStudioVersion = 17.3.32929.385
MinimumVisualStudioVersion = 10.0.40219.1
Project("{FAE04EC0-301F-11D3-BF4B-00C04F79EFBC}") = "CountingSort1", "CountingSort1\CountingSort1.csproj", "{D05B15FD-89BD-435A-A33E-6A860A079EAC}"
EndProject
Global
	GlobalSection(SolutionConfigurationPlatforms) = preSolution
		Debug|Any CPU = Debug|Any CPU
		Release|Any CPU = Release|Any CPU
	EndGlobalSection
	GlobalSection(ProjectConfigurationPlatforms) = postSolution
		{D05B15FD-89BD-435A-A33E-6A860A079EAC}.Debug|Any CPU.ActiveCfg = Debug|Any CPU
		{D05B15FD-89BD-435A-A33E-6A860A079EAC}.Debug|Any CPU.Build.0 = Debug|Any CPU
		{D05B15FD-89BD-435A-A33E-6A860A079EAC}.Release|Any CPU.ActiveCfg = Release|Any CPU
		{D05B15FD-89BD-435A-A33E-6A860A079EAC}.Release|Any CPU.Build.0 = Release|Any CPU
	EndGlobalSection
	GlobalSection(SolutionProperties) = preSolution
		HideSolutionNode = FALSE
	EndGlobalSection
	GlobalSection(ExtensibilityGlobals) = postSolution
		SolutionGuid = {3364B6AC-AE6F-4904-A727-7EA7F6A52F60}
	EndGlobalSection
EndGlobal
